{
    "hash": "0120864673eb27763525f6919ea86f65",
    "packages": [
        {
            "name": "swiftmailer/swiftmailer",
            "version": "v4.2.2",
            "source": {
                "type": "git",
                "url": "git://github.com/swiftmailer/swiftmailer.git",
                "reference": "v4.2.2"
            },
            "dist": {
                "type": "zip",
                "url": "https://github.com/swiftmailer/swiftmailer/zipball/v4.2.2",
                "reference": "v4.2.2",
                "shasum": ""
            },
            "require": {
                "php": ">=5.2.4"
            },
            "time": "2012-10-25 01:30:40",
            "type": "library",
            "extra": {
                "branch-alias": {
                    "dev-master": "4.2-dev"
                }
            },
            "installation-source": "dist",
            "autoload": {
                "files": [
                    "lib/swift_required.php"
                ]
            },
            "license": [
                "LGPL"
            ],
            "authors": [
                {
                    "name": "Fabien Potencier",
                    "email": "fabien@symfony.com"
                },
                {
                    "name": "Chris Corbyn"
                }
            ],
            "description": "Swiftmailer, free feature-rich PHP mailer",
            "homepage": "http://swiftmailer.org",
            "keywords": [
                "mail",
                "mailer"
            ]
        }
    ],
    "packages-dev": null,
    "aliases": [

    ],
    "minimum-stability": "stable",
    "stability-flags": [

    ]
}
